PODS:
  - SDWebImage (5.13.4):
    - SDWebImage/Core (= 5.13.4)
  - SDWebImage/Core (5.13.4)

DEPENDENCIES:
  - SDWebImage

SPEC REPOS:
  trunk:
    - SDWebImage

SPEC CHECKSUMS:
  SDWebImage: e5cc87bf736e60f49592f307bdf9e157189298a3

PODFILE CHECKSUM: fbb0572fc73bcba56b2496ce675d22c3a4124011

COCOAPODS: 1.11.2
