// !$*UTF8*$!
{
	archiveVersion = 1;
	classes = {
	};
	objectVersion = 56;
	objects = {

/* Begin PBXBuildFile section */
		0268D67639E1F91BDC2A4008 /* Pods_getgoUITests.framework in Frameworks */ = {isa = PBXBuildFile; fileRef = 8F3C662B85634B66B4A04360 /* Pods_getgoUITests.framework */; };
		716E5C4B295296C400DC283C /* LocationViewController.swift in Sources */ = {isa = PBXBuildFile; fileRef = 716E5C4A295296C400DC283C /* LocationViewController.swift */; };
		716E5C4D295296D400DC283C /* EpisodeViewController.swift in Sources */ = {isa = PBXBuildFile; fileRef = 716E5C4C295296D400DC283C /* EpisodeViewController.swift */; };
		716E5C5029529BC500DC283C /* CharacterCollectionViewCellViewModel.swift in Sources */ = {isa = PBXBuildFile; fileRef = 716E5C4F29529BC500DC283C /* CharacterCollectionViewCellViewModel.swift */; };
		716E5C522952A25900DC283C /* CharacterViewController.xib in Resources */ = {isa = PBXBuildFile; fileRef = 716E5C512952A25900DC283C /* CharacterViewController.xib */; };
		716E5C552952A33500DC283C /* MainTabBarViewController.swift in Sources */ = {isa = PBXBuildFile; fileRef = 716E5C542952A33500DC283C /* MainTabBarViewController.swift */; };
		716E5C5C2952AA4B00DC283C /* CharacterCollectionViewCell.swift in Sources */ = {isa = PBXBuildFile; fileRef = 716E5C5A2952AA4B00DC283C /* CharacterCollectionViewCell.swift */; };
		716E5C5D2952AA4B00DC283C /* CharacterCollectionViewCell.xib in Resources */ = {isa = PBXBuildFile; fileRef = 716E5C5B2952AA4B00DC283C /* CharacterCollectionViewCell.xib */; };
		716E5C5F2952AAD400DC283C /* CharacterViewModel.swift in Sources */ = {isa = PBXBuildFile; fileRef = 716E5C5E2952AAD400DC283C /* CharacterViewModel.swift */; };
		716E5C612952B56900DC283C /* UIImageView+Extensions.swift in Sources */ = {isa = PBXBuildFile; fileRef = 716E5C602952B56900DC283C /* UIImageView+Extensions.swift */; };
		717A7DB1294DC32B003E42B7 /* AppDelegate.swift in Sources */ = {isa = PBXBuildFile; fileRef = 717A7DB0294DC32B003E42B7 /* AppDelegate.swift */; };
		717A7DB3294DC32B003E42B7 /* SceneDelegate.swift in Sources */ = {isa = PBXBuildFile; fileRef = 717A7DB2294DC32B003E42B7 /* SceneDelegate.swift */; };
		717A7DB5294DC32B003E42B7 /* ViewController.swift in Sources */ = {isa = PBXBuildFile; fileRef = 717A7DB4294DC32B003E42B7 /* ViewController.swift */; };
		717A7DB8294DC32B003E42B7 /* Main.storyboard in Resources */ = {isa = PBXBuildFile; fileRef = 717A7DB6294DC32B003E42B7 /* Main.storyboard */; };
		717A7DBA294DC32C003E42B7 /* Assets.xcassets in Resources */ = {isa = PBXBuildFile; fileRef = 717A7DB9294DC32C003E42B7 /* Assets.xcassets */; };
		717A7DBD294DC32C003E42B7 /* LaunchScreen.storyboard in Resources */ = {isa = PBXBuildFile; fileRef = 717A7DBB294DC32C003E42B7 /* LaunchScreen.storyboard */; };
		717A7DC8294DC32D003E42B7 /* getgoTests.swift in Sources */ = {isa = PBXBuildFile; fileRef = 717A7DC7294DC32D003E42B7 /* getgoTests.swift */; };
		717A7DD2294DC32D003E42B7 /* getgoUITests.swift in Sources */ = {isa = PBXBuildFile; fileRef = 717A7DD1294DC32D003E42B7 /* getgoUITests.swift */; };
		717A7DD4294DC32D003E42B7 /* getgoUITestsLaunchTests.swift in Sources */ = {isa = PBXBuildFile; fileRef = 717A7DD3294DC32D003E42B7 /* getgoUITestsLaunchTests.swift */; };
		717A7EC3294DDC9A003E42B7 /* AppsCore.framework in Frameworks */ = {isa = PBXBuildFile; fileRef = 717A7EC2294DDC9A003E42B7 /* AppsCore.framework */; };
		717A7EC4294DDC9A003E42B7 /* AppsCore.framework in Embed Frameworks */ = {isa = PBXBuildFile; fileRef = 717A7EC2294DDC9A003E42B7 /* AppsCore.framework */; settings = {ATTRIBUTES = (CodeSignOnCopy, RemoveHeadersOnCopy, ); }; };
		71F37E142950C13200988E03 /* CharacterViewController.swift in Sources */ = {isa = PBXBuildFile; fileRef = 71F37E132950C13200988E03 /* CharacterViewController.swift */; };
		71F37E162950C15D00988E03 /* CharacterViewControllerTests.swift in Sources */ = {isa = PBXBuildFile; fileRef = 71F37E152950C15D00988E03 /* CharacterViewControllerTests.swift */; };
		C84DD322F560841BAF6B4B9C /* Pods_getgo.framework in Frameworks */ = {isa = PBXBuildFile; fileRef = A08CE4158C58B7F3CA34A197 /* Pods_getgo.framework */; };
		F7D375185F49CF45AA4C713B /* Pods_getgoTests.framework in Frameworks */ = {isa = PBXBuildFile; fileRef = 25E2F2B2E773702B938ACD78 /* Pods_getgoTests.framework */; };
/* End PBXBuildFile section */

/* Begin PBXContainerItemProxy section */
		717A7DC4294DC32D003E42B7 /* PBXContainerItemProxy */ = {
			isa = PBXContainerItemProxy;
			containerPortal = 717A7DA5294DC32B003E42B7 /* Project object */;
			proxyType = 1;
			remoteGlobalIDString = 717A7DAC294DC32B003E42B7;
			remoteInfo = getgo;
		};
		717A7DCE294DC32D003E42B7 /* PBXContainerItemProxy */ = {
			isa = PBXContainerItemProxy;
			containerPortal = 717A7DA5294DC32B003E42B7 /* Project object */;
			proxyType = 1;
			remoteGlobalIDString = 717A7DAC294DC32B003E42B7;
			remoteInfo = getgo;
		};
/* End PBXContainerItemProxy section */

/* Begin PBXCopyFilesBuildPhase section */
		717A7EC5294DDC9A003E42B7 /* Embed Frameworks */ = {
			isa = PBXCopyFilesBuildPhase;
			buildActionMask = 2147483647;
			dstPath = "";
			dstSubfolderSpec = 10;
			files = (
				717A7EC4294DDC9A003E42B7 /* AppsCore.framework in Embed Frameworks */,
			);
			name = "Embed Frameworks";
			runOnlyForDeploymentPostprocessing = 0;
		};
/* End PBXCopyFilesBuildPhase section */

/* Begin PBXFileReference section */
		0F9C62DAB67DE5A7B82C87D8 /* Pods-getgoUITests.release.xcconfig */ = {isa = PBXFileReference; includeInIndex = 1; lastKnownFileType = text.xcconfig; name = "Pods-getgoUITests.release.xcconfig"; path = "Target Support Files/Pods-getgoUITests/Pods-getgoUITests.release.xcconfig"; sourceTree = "<group>"; };
		1506C5DCF60EE88FD0ADA71F /* Pods-getgo-getgoUITests.debug.xcconfig */ = {isa = PBXFileReference; includeInIndex = 1; lastKnownFileType = text.xcconfig; name = "Pods-getgo-getgoUITests.debug.xcconfig"; path = "Target Support Files/Pods-getgo-getgoUITests/Pods-getgo-getgoUITests.debug.xcconfig"; sourceTree = "<group>"; };
		25E2F2B2E773702B938ACD78 /* Pods_getgoTests.framework */ = {isa = PBXFileReference; explicitFileType = wrapper.framework; includeInIndex = 0; path = Pods_getgoTests.framework; sourceTree = BUILT_PRODUCTS_DIR; };
		716E5C4A295296C400DC283C /* LocationViewController.swift */ = {isa = PBXFileReference; lastKnownFileType = sourcecode.swift; path = LocationViewController.swift; sourceTree = "<group>"; };
		716E5C4C295296D400DC283C /* EpisodeViewController.swift */ = {isa = PBXFileReference; lastKnownFileType = sourcecode.swift; path = EpisodeViewController.swift; sourceTree = "<group>"; };
		716E5C4F29529BC500DC283C /* CharacterCollectionViewCellViewModel.swift */ = {isa = PBXFileReference; lastKnownFileType = sourcecode.swift; path = CharacterCollectionViewCellViewModel.swift; sourceTree = "<group>"; };
		716E5C512952A25900DC283C /* CharacterViewController.xib */ = {isa = PBXFileReference; lastKnownFileType = file.xib; path = CharacterViewController.xib; sourceTree = "<group>"; };
		716E5C542952A33500DC283C /* MainTabBarViewController.swift */ = {isa = PBXFileReference; lastKnownFileType = sourcecode.swift; path = MainTabBarViewController.swift; sourceTree = "<group>"; };
		716E5C5A2952AA4B00DC283C /* CharacterCollectionViewCell.swift */ = {isa = PBXFileReference; lastKnownFileType = sourcecode.swift; path = CharacterCollectionViewCell.swift; sourceTree = "<group>"; };
		716E5C5B2952AA4B00DC283C /* CharacterCollectionViewCell.xib */ = {isa = PBXFileReference; lastKnownFileType = file.xib; path = CharacterCollectionViewCell.xib; sourceTree = "<group>"; };
		716E5C5E2952AAD400DC283C /* CharacterViewModel.swift */ = {isa = PBXFileReference; lastKnownFileType = sourcecode.swift; path = CharacterViewModel.swift; sourceTree = "<group>"; };
		716E5C602952B56900DC283C /* UIImageView+Extensions.swift */ = {isa = PBXFileReference; lastKnownFileType = sourcecode.swift; path = "UIImageView+Extensions.swift"; sourceTree = "<group>"; };
		717A7DAD294DC32B003E42B7 /* getgo.app */ = {isa = PBXFileReference; explicitFileType = wrapper.application; includeInIndex = 0; path = getgo.app; sourceTree = BUILT_PRODUCTS_DIR; };
		717A7DB0294DC32B003E42B7 /* AppDelegate.swift */ = {isa = PBXFileReference; lastKnownFileType = sourcecode.swift; path = AppDelegate.swift; sourceTree = "<group>"; };
		717A7DB2294DC32B003E42B7 /* SceneDelegate.swift */ = {isa = PBXFileReference; lastKnownFileType = sourcecode.swift; path = SceneDelegate.swift; sourceTree = "<group>"; };
		717A7DB4294DC32B003E42B7 /* ViewController.swift */ = {isa = PBXFileReference; lastKnownFileType = sourcecode.swift; path = ViewController.swift; sourceTree = "<group>"; };
		717A7DB7294DC32B003E42B7 /* Base */ = {isa = PBXFileReference; lastKnownFileType = file.storyboard; name = Base; path = Base.lproj/Main.storyboard; sourceTree = "<group>"; };
		717A7DB9294DC32C003E42B7 /* Assets.xcassets */ = {isa = PBXFileReference; lastKnownFileType = folder.assetcatalog; path = Assets.xcassets; sourceTree = "<group>"; };
		717A7DBC294DC32C003E42B7 /* Base */ = {isa = PBXFileReference; lastKnownFileType = file.storyboard; name = Base; path = Base.lproj/LaunchScreen.storyboard; sourceTree = "<group>"; };
		717A7DBE294DC32C003E42B7 /* Info.plist */ = {isa = PBXFileReference; lastKnownFileType = text.plist.xml; path = Info.plist; sourceTree = "<group>"; };
		717A7DC3294DC32D003E42B7 /* getgoTests.xctest */ = {isa = PBXFileReference; explicitFileType = wrapper.cfbundle; includeInIndex = 0; path = getgoTests.xctest; sourceTree = BUILT_PRODUCTS_DIR; };
		717A7DC7294DC32D003E42B7 /* getgoTests.swift */ = {isa = PBXFileReference; lastKnownFileType = sourcecode.swift; path = getgoTests.swift; sourceTree = "<group>"; };
		717A7DCD294DC32D003E42B7 /* getgoUITests.xctest */ = {isa = PBXFileReference; explicitFileType = wrapper.cfbundle; includeInIndex = 0; path = getgoUITests.xctest; sourceTree = BUILT_PRODUCTS_DIR; };
		717A7DD1294DC32D003E42B7 /* getgoUITests.swift */ = {isa = PBXFileReference; lastKnownFileType = sourcecode.swift; path = getgoUITests.swift; sourceTree = "<group>"; };
		717A7DD3294DC32D003E42B7 /* getgoUITestsLaunchTests.swift */ = {isa = PBXFileReference; lastKnownFileType = sourcecode.swift; path = getgoUITestsLaunchTests.swift; sourceTree = "<group>"; };
		717A7EC2294DDC9A003E42B7 /* AppsCore.framework */ = {isa = PBXFileReference; explicitFileType = wrapper.framework; path = AppsCore.framework; sourceTree = BUILT_PRODUCTS_DIR; };
		71F37E132950C13200988E03 /* CharacterViewController.swift */ = {isa = PBXFileReference; lastKnownFileType = sourcecode.swift; path = CharacterViewController.swift; sourceTree = "<group>"; };
		71F37E152950C15D00988E03 /* CharacterViewControllerTests.swift */ = {isa = PBXFileReference; lastKnownFileType = sourcecode.swift; path = CharacterViewControllerTests.swift; sourceTree = "<group>"; };
		8F3C662B85634B66B4A04360 /* Pods_getgoUITests.framework */ = {isa = PBXFileReference; explicitFileType = wrapper.framework; includeInIndex = 0; path = Pods_getgoUITests.framework; sourceTree = BUILT_PRODUCTS_DIR; };
		9113D282002EB6EFFC3E8250 /* Pods-getgo-getgoUITests.release.xcconfig */ = {isa = PBXFileReference; includeInIndex = 1; lastKnownFileType = text.xcconfig; name = "Pods-getgo-getgoUITests.release.xcconfig"; path = "Target Support Files/Pods-getgo-getgoUITests/Pods-getgo-getgoUITests.release.xcconfig"; sourceTree = "<group>"; };
		9220A22DAFDF2C39E7D18098 /* Pods-getgoUITests.debug.xcconfig */ = {isa = PBXFileReference; includeInIndex = 1; lastKnownFileType = text.xcconfig; name = "Pods-getgoUITests.debug.xcconfig"; path = "Target Support Files/Pods-getgoUITests/Pods-getgoUITests.debug.xcconfig"; sourceTree = "<group>"; };
		A08CE4158C58B7F3CA34A197 /* Pods_getgo.framework */ = {isa = PBXFileReference; explicitFileType = wrapper.framework; includeInIndex = 0; path = Pods_getgo.framework; sourceTree = BUILT_PRODUCTS_DIR; };
		B0FB340B5C8A684DBF2D8C0D /* Pods-getgoTests.debug.xcconfig */ = {isa = PBXFileReference; includeInIndex = 1; lastKnownFileType = text.xcconfig; name = "Pods-getgoTests.debug.xcconfig"; path = "Target Support Files/Pods-getgoTests/Pods-getgoTests.debug.xcconfig"; sourceTree = "<group>"; };
		CDB55833ACAB73FDC6EAE200 /* Pods-getgo.release.xcconfig */ = {isa = PBXFileReference; includeInIndex = 1; lastKnownFileType = text.xcconfig; name = "Pods-getgo.release.xcconfig"; path = "Target Support Files/Pods-getgo/Pods-getgo.release.xcconfig"; sourceTree = "<group>"; };
		EADCECFFB2581D470BC6116E /* Pods-getgo.debug.xcconfig */ = {isa = PBXFileReference; includeInIndex = 1; lastKnownFileType = text.xcconfig; name = "Pods-getgo.debug.xcconfig"; path = "Target Support Files/Pods-getgo/Pods-getgo.debug.xcconfig"; sourceTree = "<group>"; };
		FEDADD2654B8EC4582ED05A4 /* Pods-getgoTests.release.xcconfig */ = {isa = PBXFileReference; includeInIndex = 1; lastKnownFileType = text.xcconfig; name = "Pods-getgoTests.release.xcconfig"; path = "Target Support Files/Pods-getgoTests/Pods-getgoTests.release.xcconfig"; sourceTree = "<group>"; };
/* End PBXFileReference section */

/* Begin PBXFrameworksBuildPhase section */
		717A7DAA294DC32B003E42B7 /* Frameworks */ = {
			isa = PBXFrameworksBuildPhase;
			buildActionMask = 2147483647;
			files = (
				C84DD322F560841BAF6B4B9C /* Pods_getgo.framework in Frameworks */,
				717A7EC3294DDC9A003E42B7 /* AppsCore.framework in Frameworks */,
			);
			runOnlyForDeploymentPostprocessing = 0;
		};
		717A7DC0294DC32D003E42B7 /* Frameworks */ = {
			isa = PBXFrameworksBuildPhase;
			buildActionMask = 2147483647;
			files = (
				F7D375185F49CF45AA4C713B /* Pods_getgoTests.framework in Frameworks */,
			);
			runOnlyForDeploymentPostprocessing = 0;
		};
		717A7DCA294DC32D003E42B7 /* Frameworks */ = {
			isa = PBXFrameworksBuildPhase;
			buildActionMask = 2147483647;
			files = (
				0268D67639E1F91BDC2A4008 /* Pods_getgoUITests.framework in Frameworks */,
			);
			runOnlyForDeploymentPostprocessing = 0;
		};
/* End PBXFrameworksBuildPhase section */

/* Begin PBXGroup section */
		0CCF8A8AB008697CBD6AF2B9 /* Frameworks */ = {
			isa = PBXGroup;
			children = (
				717A7EC2294DDC9A003E42B7 /* AppsCore.framework */,
				A08CE4158C58B7F3CA34A197 /* Pods_getgo.framework */,
				25E2F2B2E773702B938ACD78 /* Pods_getgoTests.framework */,
				8F3C662B85634B66B4A04360 /* Pods_getgoUITests.framework */,
			);
			name = Frameworks;
			sourceTree = "<group>";
		};
		716E5C4E29529B9600DC283C /* Character */ = {
			isa = PBXGroup;
			children = (
				716E5C622952CA3A00DC283C /* Views */,
				716E5C632952CA4700DC283C /* ViewModels */,
			);
			path = Character;
			sourceTree = "<group>";
		};
		716E5C532952A2E600DC283C /* MainTab */ = {
			isa = PBXGroup;
			children = (
				716E5C542952A33500DC283C /* MainTabBarViewController.swift */,
			);
			path = MainTab;
			sourceTree = "<group>";
		};
		716E5C622952CA3A00DC283C /* Views */ = {
			isa = PBXGroup;
			children = (
				71F37E132950C13200988E03 /* CharacterViewController.swift */,
				716E5C512952A25900DC283C /* CharacterViewController.xib */,
				716E5C5A2952AA4B00DC283C /* CharacterCollectionViewCell.swift */,
				716E5C5B2952AA4B00DC283C /* CharacterCollectionViewCell.xib */,
			);
			path = Views;
			sourceTree = "<group>";
		};
		716E5C632952CA4700DC283C /* ViewModels */ = {
			isa = PBXGroup;
			children = (
				716E5C4F29529BC500DC283C /* CharacterCollectionViewCellViewModel.swift */,
				716E5C5E2952AAD400DC283C /* CharacterViewModel.swift */,
			);
			path = ViewModels;
			sourceTree = "<group>";
		};
		717A7DA4294DC32B003E42B7 = {
			isa = PBXGroup;
			children = (
				717A7DAF294DC32B003E42B7 /* getgo */,
				717A7DC6294DC32D003E42B7 /* getgoTests */,
				717A7DD0294DC32D003E42B7 /* getgoUITests */,
				717A7DAE294DC32B003E42B7 /* Products */,
				A84CAF29FC794687E919FBFF /* Pods */,
				0CCF8A8AB008697CBD6AF2B9 /* Frameworks */,
			);
			sourceTree = "<group>";
		};
		717A7DAE294DC32B003E42B7 /* Products */ = {
			isa = PBXGroup;
			children = (
				717A7DAD294DC32B003E42B7 /* getgo.app */,
				717A7DC3294DC32D003E42B7 /* getgoTests.xctest */,
				717A7DCD294DC32D003E42B7 /* getgoUITests.xctest */,
			);
			name = Products;
			sourceTree = "<group>";
		};
		717A7DAF294DC32B003E42B7 /* getgo */ = {
			isa = PBXGroup;
			children = (
				716E5C532952A2E600DC283C /* MainTab */,
				717A7DB0294DC32B003E42B7 /* AppDelegate.swift */,
				717A7DB2294DC32B003E42B7 /* SceneDelegate.swift */,
				717A7DB4294DC32B003E42B7 /* ViewController.swift */,
				717A7DB6294DC32B003E42B7 /* Main.storyboard */,
				717A7DB9294DC32C003E42B7 /* Assets.xcassets */,
				717A7DBB294DC32C003E42B7 /* LaunchScreen.storyboard */,
				717A7DBE294DC32C003E42B7 /* Info.plist */,
				716E5C4E29529B9600DC283C /* Character */,
				716E5C4A295296C400DC283C /* LocationViewController.swift */,
				716E5C4C295296D400DC283C /* EpisodeViewController.swift */,
				716E5C602952B56900DC283C /* UIImageView+Extensions.swift */,
			);
			path = getgo;
			sourceTree = "<group>";
		};
		717A7DC6294DC32D003E42B7 /* getgoTests */ = {
			isa = PBXGroup;
			children = (
				717A7DC7294DC32D003E42B7 /* getgoTests.swift */,
				71F37E152950C15D00988E03 /* CharacterViewControllerTests.swift */,
			);
			path = getgoTests;
			sourceTree = "<group>";
		};
		717A7DD0294DC32D003E42B7 /* getgoUITests */ = {
			isa = PBXGroup;
			children = (
				717A7DD1294DC32D003E42B7 /* getgoUITests.swift */,
				717A7DD3294DC32D003E42B7 /* getgoUITestsLaunchTests.swift */,
			);
			path = getgoUITests;
			sourceTree = "<group>";
		};
		A84CAF29FC794687E919FBFF /* Pods */ = {
			isa = PBXGroup;
			children = (
				EADCECFFB2581D470BC6116E /* Pods-getgo.debug.xcconfig */,
				CDB55833ACAB73FDC6EAE200 /* Pods-getgo.release.xcconfig */,
				1506C5DCF60EE88FD0ADA71F /* Pods-getgo-getgoUITests.debug.xcconfig */,
				9113D282002EB6EFFC3E8250 /* Pods-getgo-getgoUITests.release.xcconfig */,
				B0FB340B5C8A684DBF2D8C0D /* Pods-getgoTests.debug.xcconfig */,
				FEDADD2654B8EC4582ED05A4 /* Pods-getgoTests.release.xcconfig */,
				9220A22DAFDF2C39E7D18098 /* Pods-getgoUITests.debug.xcconfig */,
				0F9C62DAB67DE5A7B82C87D8 /* Pods-getgoUITests.release.xcconfig */,
			);
			path = Pods;
			sourceTree = "<group>";
		};
/* End PBXGroup section */

/* Begin PBXNativeTarget section */
		717A7DAC294DC32B003E42B7 /* getgo */ = {
			isa = PBXNativeTarget;
			buildConfigurationList = 717A7DD7294DC32D003E42B7 /* Build configuration list for PBXNativeTarget "getgo" */;
			buildPhases = (
				BE1E1B251756A19894E34C9F /* [CP] Check Pods Manifest.lock */,
				717A7DA9294DC32B003E42B7 /* Sources */,
				717A7DAA294DC32B003E42B7 /* Frameworks */,
				717A7DAB294DC32B003E42B7 /* Resources */,
				819AA24ABA35C7DFB3E25667 /* [CP] Embed Pods Frameworks */,
				717A7EC5294DDC9A003E42B7 /* Embed Frameworks */,
			);
			buildRules = (
			);
			dependencies = (
			);
			name = getgo;
			productName = getgo;
			productReference = 717A7DAD294DC32B003E42B7 /* getgo.app */;
			productType = "com.apple.product-type.application";
		};
		717A7DC2294DC32D003E42B7 /* getgoTests */ = {
			isa = PBXNativeTarget;
			buildConfigurationList = 717A7DDA294DC32D003E42B7 /* Build configuration list for PBXNativeTarget "getgoTests" */;
			buildPhases = (
				08C916EC81F4013E41630CD6 /* [CP] Check Pods Manifest.lock */,
				717A7DBF294DC32D003E42B7 /* Sources */,
				717A7DC0294DC32D003E42B7 /* Frameworks */,
				717A7DC1294DC32D003E42B7 /* Resources */,
			);
			buildRules = (
			);
			dependencies = (
				717A7DC5294DC32D003E42B7 /* PBXTargetDependency */,
			);
			name = getgoTests;
			productName = getgoTests;
			productReference = 717A7DC3294DC32D003E42B7 /* getgoTests.xctest */;
			productType = "com.apple.product-type.bundle.unit-test";
		};
		717A7DCC294DC32D003E42B7 /* getgoUITests */ = {
			isa = PBXNativeTarget;
			buildConfigurationList = 717A7DDD294DC32D003E42B7 /* Build configuration list for PBXNativeTarget "getgoUITests" */;
			buildPhases = (
				A4C3ECE52302906194258AF0 /* [CP] Check Pods Manifest.lock */,
				717A7DC9294DC32D003E42B7 /* Sources */,
				717A7DCA294DC32D003E42B7 /* Frameworks */,
				717A7DCB294DC32D003E42B7 /* Resources */,
			);
			buildRules = (
			);
			dependencies = (
				717A7DCF294DC32D003E42B7 /* PBXTargetDependency */,
			);
			name = getgoUITests;
			productName = getgoUITests;
			productReference = 717A7DCD294DC32D003E42B7 /* getgoUITests.xctest */;
			productType = "com.apple.product-type.bundle.ui-testing";
		};
/* End PBXNativeTarget section */

/* Begin PBXProject section */
		717A7DA5294DC32B003E42B7 /* Project object */ = {
			isa = PBXProject;
			attributes = {
				BuildIndependentTargetsInParallel = 1;
				LastSwiftUpdateCheck = 1410;
				LastUpgradeCheck = 1410;
				TargetAttributes = {
					717A7DAC294DC32B003E42B7 = {
						CreatedOnToolsVersion = 14.1;
					};
					717A7DC2294DC32D003E42B7 = {
						CreatedOnToolsVersion = 14.1;
						TestTargetID = 717A7DAC294DC32B003E42B7;
					};
					717A7DCC294DC32D003E42B7 = {
						CreatedOnToolsVersion = 14.1;
						TestTargetID = 717A7DAC294DC32B003E42B7;
					};
				};
			};
			buildConfigurationList = 717A7DA8294DC32B003E42B7 /* Build configuration list for PBXProject "getgo" */;
			compatibilityVersion = "Xcode 14.0";
			developmentRegion = en;
			hasScannedForEncodings = 0;
			knownRegions = (
				en,
				Base,
			);
			mainGroup = 717A7DA4294DC32B003E42B7;
			productRefGroup = 717A7DAE294DC32B003E42B7 /* Products */;
			projectDirPath = "";
			projectRoot = "";
			targets = (
				717A7DAC294DC32B003E42B7 /* getgo */,
				717A7DC2294DC32D003E42B7 /* getgoTests */,
				717A7DCC294DC32D003E42B7 /* getgoUITests */,
			);
		};
/* End PBXProject section */

/* Begin PBXResourcesBuildPhase section */
		717A7DAB294DC32B003E42B7 /* Resources */ = {
			isa = PBXResourcesBuildPhase;
			buildActionMask = 2147483647;
			files = (
				716E5C522952A25900DC283C /* CharacterViewController.xib in Resources */,
				717A7DBD294DC32C003E42B7 /* LaunchScreen.storyboard in Resources */,
				717A7DBA294DC32C003E42B7 /* Assets.xcassets in Resources */,
				716E5C5D2952AA4B00DC283C /* CharacterCollectionViewCell.xib in Resources */,
				717A7DB8294DC32B003E42B7 /* Main.storyboard in Resources */,
			);
			runOnlyForDeploymentPostprocessing = 0;
		};
		717A7DC1294DC32D003E42B7 /* Resources */ = {
			isa = PBXResourcesBuildPhase;
			buildActionMask = 2147483647;
			files = (
			);
			runOnlyForDeploymentPostprocessing = 0;
		};
		717A7DCB294DC32D003E42B7 /* Resources */ = {
			isa = PBXResourcesBuildPhase;
			buildActionMask = 2147483647;
			files = (
			);
			runOnlyForDeploymentPostprocessing = 0;
		};
/* End PBXResourcesBuildPhase section */

/* Begin PBXShellScriptBuildPhase section */
		08C916EC81F4013E41630CD6 /* [CP] Check Pods Manifest.lock */ = {
			isa = PBXShellScriptBuildPhase;
			buildActionMask = 2147483647;
			files = (
			);
			inputFileListPaths = (
			);
			inputPaths = (
				"${PODS_PODFILE_DIR_PATH}/Podfile.lock",
				"${PODS_ROOT}/Manifest.lock",
			);
			name = "[CP] Check Pods Manifest.lock";
			outputFileListPaths = (
			);
			outputPaths = (
				"$(DERIVED_FILE_DIR)/Pods-getgoTests-checkManifestLockResult.txt",
			);
			runOnlyForDeploymentPostprocessing = 0;
			shellPath = /bin/sh;
			shellScript = "diff \"${PODS_PODFILE_DIR_PATH}/Podfile.lock\" \"${PODS_ROOT}/Manifest.lock\" > /dev/null\nif [ $? != 0 ] ; then\n    # print error to STDERR\n    echo \"error: The sandbox is not in sync with the Podfile.lock. Run 'pod install' or update your CocoaPods installation.\" >&2\n    exit 1\nfi\n# This output is used by Xcode 'outputs' to avoid re-running this script phase.\necho \"SUCCESS\" > \"${SCRIPT_OUTPUT_FILE_0}\"\n";
			showEnvVarsInLog = 0;
		};
		819AA24ABA35C7DFB3E25667 /* [CP] Embed Pods Frameworks */ = {
			isa = PBXShellScriptBuildPhase;
			buildActionMask = 2147483647;
			files = (
			);
			inputFileListPaths = (
				"${PODS_ROOT}/Target Support Files/Pods-getgo/Pods-getgo-frameworks-${CONFIGURATION}-input-files.xcfilelist",
			);
			name = "[CP] Embed Pods Frameworks";
			outputFileListPaths = (
				"${PODS_ROOT}/Target Support Files/Pods-getgo/Pods-getgo-frameworks-${CONFIGURATION}-output-files.xcfilelist",
			);
			runOnlyForDeploymentPostprocessing = 0;
			shellPath = /bin/sh;
			shellScript = "\"${PODS_ROOT}/Target Support Files/Pods-getgo/Pods-getgo-frameworks.sh\"\n";
			showEnvVarsInLog = 0;
		};
		A4C3ECE52302906194258AF0 /* [CP] Check Pods Manifest.lock */ = {
			isa = PBXShellScriptBuildPhase;
			buildActionMask = 2147483647;
			files = (
			);
			inputFileListPaths = (
			);
			inputPaths = (
				"${PODS_PODFILE_DIR_PATH}/Podfile.lock",
				"${PODS_ROOT}/Manifest.lock",
			);
			name = "[CP] Check Pods Manifest.lock";
			outputFileListPaths = (
			);
			outputPaths = (
				"$(DERIVED_FILE_DIR)/Pods-getgoUITests-checkManifestLockResult.txt",
			);
			runOnlyForDeploymentPostprocessing = 0;
			shellPath = /bin/sh;
			shellScript = "diff \"${PODS_PODFILE_DIR_PATH}/Podfile.lock\" \"${PODS_ROOT}/Manifest.lock\" > /dev/null\nif [ $? != 0 ] ; then\n    # print error to STDERR\n    echo \"error: The sandbox is not in sync with the Podfile.lock. Run 'pod install' or update your CocoaPods installation.\" >&2\n    exit 1\nfi\n# This output is used by Xcode 'outputs' to avoid re-running this script phase.\necho \"SUCCESS\" > \"${SCRIPT_OUTPUT_FILE_0}\"\n";
			showEnvVarsInLog = 0;
		};
		BE1E1B251756A19894E34C9F /* [CP] Check Pods Manifest.lock */ = {
			isa = PBXShellScriptBuildPhase;
			buildActionMask = 2147483647;
			files = (
			);
			inputFileListPaths = (
			);
			inputPaths = (
				"${PODS_PODFILE_DIR_PATH}/Podfile.lock",
				"${PODS_ROOT}/Manifest.lock",
			);
			name = "[CP] Check Pods Manifest.lock";
			outputFileListPaths = (
			);
			outputPaths = (
				"$(DERIVED_FILE_DIR)/Pods-getgo-checkManifestLockResult.txt",
			);
			runOnlyForDeploymentPostprocessing = 0;
			shellPath = /bin/sh;
			shellScript = "diff \"${PODS_PODFILE_DIR_PATH}/Podfile.lock\" \"${PODS_ROOT}/Manifest.lock\" > /dev/null\nif [ $? != 0 ] ; then\n    # print error to STDERR\n    echo \"error: The sandbox is not in sync with the Podfile.lock. Run 'pod install' or update your CocoaPods installation.\" >&2\n    exit 1\nfi\n# This output is used by Xcode 'outputs' to avoid re-running this script phase.\necho \"SUCCESS\" > \"${SCRIPT_OUTPUT_FILE_0}\"\n";
			showEnvVarsInLog = 0;
		};
/* End PBXShellScriptBuildPhase section */

/* Begin PBXSourcesBuildPhase section */
		717A7DA9294DC32B003E42B7 /* Sources */ = {
			isa = PBXSourcesBuildPhase;
			buildActionMask = 2147483647;
			files = (
				716E5C5029529BC500DC283C /* CharacterCollectionViewCellViewModel.swift in Sources */,
				716E5C552952A33500DC283C /* MainTabBarViewController.swift in Sources */,
				716E5C612952B56900DC283C /* UIImageView+Extensions.swift in Sources */,
				716E5C4B295296C400DC283C /* LocationViewController.swift in Sources */,
				716E5C5C2952AA4B00DC283C /* CharacterCollectionViewCell.swift in Sources */,
				71F37E142950C13200988E03 /* CharacterViewController.swift in Sources */,
				717A7DB5294DC32B003E42B7 /* ViewController.swift in Sources */,
				716E5C5F2952AAD400DC283C /* CharacterViewModel.swift in Sources */,
				717A7DB1294DC32B003E42B7 /* AppDelegate.swift in Sources */,
				716E5C4D295296D400DC283C /* EpisodeViewController.swift in Sources */,
				717A7DB3294DC32B003E42B7 /* SceneDelegate.swift in Sources */,
			);
			runOnlyForDeploymentPostprocessing = 0;
		};
		717A7DBF294DC32D003E42B7 /* Sources */ = {
			isa = PBXSourcesBuildPhase;
			buildActionMask = 2147483647;
			files = (
				71F37E162950C15D00988E03 /* CharacterViewControllerTests.swift in Sources */,
				717A7DC8294DC32D003E42B7 /* getgoTests.swift in Sources */,
			);
			runOnlyForDeploymentPostprocessing = 0;
		};
		717A7DC9294DC32D003E42B7 /* Sources */ = {
			isa = PBXSourcesBuildPhase;
			buildActionMask = 2147483647;
			files = (
				717A7DD2294DC32D003E42B7 /* getgoUITests.swift in Sources */,
				717A7DD4294DC32D003E42B7 /* getgoUITestsLaunchTests.swift in Sources */,
			);
			runOnlyForDeploymentPostprocessing = 0;
		};
/* End PBXSourcesBuildPhase section */

/* Begin PBXTargetDependency section */
		717A7DC5294DC32D003E42B7 /* PBXTargetDependency */ = {
			isa = PBXTargetDependency;
			target = 717A7DAC294DC32B003E42B7 /* getgo */;
			targetProxy = 717A7DC4294DC32D003E42B7 /* PBXContainerItemProxy */;
		};
		717A7DCF294DC32D003E42B7 /* PBXTargetDependency */ = {
			isa = PBXTargetDependency;
			target = 717A7DAC294DC32B003E42B7 /* getgo */;
			targetProxy = 717A7DCE294DC32D003E42B7 /* PBXContainerItemProxy */;
		};
/* End PBXTargetDependency section */

/* Begin PBXVariantGroup section */
		717A7DB6294DC32B003E42B7 /* Main.storyboard */ = {
			isa = PBXVariantGroup;
			children = (
				717A7DB7294DC32B003E42B7 /* Base */,
			);
			name = Main.storyboard;
			sourceTree = "<group>";
		};
		717A7DBB294DC32C003E42B7 /* LaunchScreen.storyboard */ = {
			isa = PBXVariantGroup;
			children = (
				717A7DBC294DC32C003E42B7 /* Base */,
			);
			name = LaunchScreen.storyboard;
			sourceTree = "<group>";
		};
/* End PBXVariantGroup section */

/* Begin XCBuildConfiguration section */
		717A7DD5294DC32D003E42B7 /* Debug */ = {
			isa = XCBuildConfiguration;
			buildSettings = {
				ALWAYS_SEARCH_USER_PATHS = NO;
				CLANG_ANALYZER_NONNULL = YES;
				CLANG_ANALYZER_NUMBER_OBJECT_CONVERSION = YES_AGGRESSIVE;
				CLANG_CXX_LANGUAGE_STANDARD = "gnu++20";
				CLANG_ENABLE_MODULES = YES;
				CLANG_ENABLE_OBJC_ARC = YES;
				CLANG_ENABLE_OBJC_WEAK = YES;
				CLANG_WARN_BLOCK_CAPTURE_AUTORELEASING = YES;
				CLANG_WARN_BOOL_CONVERSION = YES;
				CLANG_WARN_COMMA = YES;
				CLANG_WARN_CONSTANT_CONVERSION = YES;
				CLANG_WARN_DEPRECATED_OBJC_IMPLEMENTATIONS = YES;
				CLANG_WARN_DIRECT_OBJC_ISA_USAGE = YES_ERROR;
				CLANG_WARN_DOCUMENTATION_COMMENTS = YES;
				CLANG_WARN_EMPTY_BODY = YES;
				CLANG_WARN_ENUM_CONVERSION = YES;
				CLANG_WARN_INFINITE_RECURSION = YES;
				CLANG_WARN_INT_CONVERSION = YES;
				CLANG_WARN_NON_LITERAL_NULL_CONVERSION = YES;
				CLANG_WARN_OBJC_IMPLICIT_RETAIN_SELF = YES;
				CLANG_WARN_OBJC_LITERAL_CONVERSION = YES;
				CLANG_WARN_OBJC_ROOT_CLASS = YES_ERROR;
				CLANG_WARN_QUOTED_INCLUDE_IN_FRAMEWORK_HEADER = YES;
				CLANG_WARN_RANGE_LOOP_ANALYSIS = YES;
				CLANG_WARN_STRICT_PROTOTYPES = YES;
				CLANG_WARN_SUSPICIOUS_MOVE = YES;
				CLANG_WARN_UNGUARDED_AVAILABILITY = YES_AGGRESSIVE;
				CLANG_WARN_UNREACHABLE_CODE = YES;
				CLANG_WARN__DUPLICATE_METHOD_MATCH = YES;
				COPY_PHASE_STRIP = NO;
				DEBUG_INFORMATION_FORMAT = dwarf;
				ENABLE_STRICT_OBJC_MSGSEND = YES;
				ENABLE_TESTABILITY = YES;
				GCC_C_LANGUAGE_STANDARD = gnu11;
				GCC_DYNAMIC_NO_PIC = NO;
				GCC_NO_COMMON_BLOCKS = YES;
				GCC_OPTIMIZATION_LEVEL = 0;
				GCC_PREPROCESSOR_DEFINITIONS = (
					"DEBUG=1",
					"$(inherited)",
				);
				GCC_WARN_64_TO_32_BIT_CONVERSION = YES;
				GCC_WARN_ABOUT_RETURN_TYPE = YES_ERROR;
				GCC_WARN_UNDECLARED_SELECTOR = YES;
				GCC_WARN_UNINITIALIZED_AUTOS = YES_AGGRESSIVE;
				GCC_WARN_UNUSED_FUNCTION = YES;
				GCC_WARN_UNUSED_VARIABLE = YES;
				IPHONEOS_DEPLOYMENT_TARGET = 16.1;
				MTL_ENABLE_DEBUG_INFO = INCLUDE_SOURCE;
				MTL_FAST_MATH = YES;
				ONLY_ACTIVE_ARCH = YES;
				SDKROOT = iphoneos;
				SWIFT_ACTIVE_COMPILATION_CONDITIONS = DEBUG;
				SWIFT_OPTIMIZATION_LEVEL = "-Onone";
			};
			name = Debug;
		};
		717A7DD6294DC32D003E42B7 /* Release */ = {
			isa = XCBuildConfiguration;
			buildSettings = {
				ALWAYS_SEARCH_USER_PATHS = NO;
				CLANG_ANALYZER_NONNULL = YES;
				CLANG_ANALYZER_NUMBER_OBJECT_CONVERSION = YES_AGGRESSIVE;
				CLANG_CXX_LANGUAGE_STANDARD = "gnu++20";
				CLANG_ENABLE_MODULES = YES;
				CLANG_ENABLE_OBJC_ARC = YES;
				CLANG_ENABLE_OBJC_WEAK = YES;
				CLANG_WARN_BLOCK_CAPTURE_AUTORELEASING = YES;
				CLANG_WARN_BOOL_CONVERSION = YES;
				CLANG_WARN_COMMA = YES;
				CLANG_WARN_CONSTANT_CONVERSION = YES;
				CLANG_WARN_DEPRECATED_OBJC_IMPLEMENTATIONS = YES;
				CLANG_WARN_DIRECT_OBJC_ISA_USAGE = YES_ERROR;
				CLANG_WARN_DOCUMENTATION_COMMENTS = YES;
				CLANG_WARN_EMPTY_BODY = YES;
				CLANG_WARN_ENUM_CONVERSION = YES;
				CLANG_WARN_INFINITE_RECURSION = YES;
				CLANG_WARN_INT_CONVERSION = YES;
				CLANG_WARN_NON_LITERAL_NULL_CONVERSION = YES;
				CLANG_WARN_OBJC_IMPLICIT_RETAIN_SELF = YES;
				CLANG_WARN_OBJC_LITERAL_CONVERSION = YES;
				CLANG_WARN_OBJC_ROOT_CLASS = YES_ERROR;
				CLANG_WARN_QUOTED_INCLUDE_IN_FRAMEWORK_HEADER = YES;
				CLANG_WARN_RANGE_LOOP_ANALYSIS = YES;
				CLANG_WARN_STRICT_PROTOTYPES = YES;
				CLANG_WARN_SUSPICIOUS_MOVE = YES;
				CLANG_WARN_UNGUARDED_AVAILABILITY = YES_AGGRESSIVE;
				CLANG_WARN_UNREACHABLE_CODE = YES;
				CLANG_WARN__DUPLICATE_METHOD_MATCH = YES;
				COPY_PHASE_STRIP = NO;
				DEBUG_INFORMATION_FORMAT = "dwarf-with-dsym";
				ENABLE_NS_ASSERTIONS = NO;
				ENABLE_STRICT_OBJC_MSGSEND = YES;
				GCC_C_LANGUAGE_STANDARD = gnu11;
				GCC_NO_COMMON_BLOCKS = YES;
				GCC_WARN_64_TO_32_BIT_CONVERSION = YES;
				GCC_WARN_ABOUT_RETURN_TYPE = YES_ERROR;
				GCC_WARN_UNDECLARED_SELECTOR = YES;
				GCC_WARN_UNINITIALIZED_AUTOS = YES_AGGRESSIVE;
				GCC_WARN_UNUSED_FUNCTION = YES;
				GCC_WARN_UNUSED_VARIABLE = YES;
				IPHONEOS_DEPLOYMENT_TARGET = 16.1;
				MTL_ENABLE_DEBUG_INFO = NO;
				MTL_FAST_MATH = YES;
				SDKROOT = iphoneos;
				SWIFT_COMPILATION_MODE = wholemodule;
				SWIFT_OPTIMIZATION_LEVEL = "-O";
				VALIDATE_PRODUCT = YES;
			};
			name = Release;
		};
		717A7DD8294DC32D003E42B7 /* Debug */ = {
			isa = XCBuildConfiguration;
			baseConfigurationReference = EADCECFFB2581D470BC6116E /* Pods-getgo.debug.xcconfig */;
			buildSettings = {
				ASSETCATALOG_COMPILER_APPICON_NAME = AppIcon;
				ASSETCATALOG_COMPILER_GLOBAL_ACCENT_COLOR_NAME = AccentColor;
				CODE_SIGN_STYLE = Automatic;
				CURRENT_PROJECT_VERSION = 1;
				GENERATE_INFOPLIST_FILE = YES;
				INFOPLIST_FILE = getgo/Info.plist;
				INFOPLIST_KEY_UIApplicationSupportsIndirectInputEvents = YES;
				INFOPLIST_KEY_UILaunchStoryboardName = LaunchScreen;
				INFOPLIST_KEY_UIMainStoryboardFile = Main;
				INFOPLIST_KEY_UISupportedInterfaceOrientations_iPad = "UIInterfaceOrientationPortrait UIInterfaceOrientationPortraitUpsideDown UIInterfaceOrientationLandscapeLeft UIInterfaceOrientationLandscapeRight";
				INFOPLIST_KEY_UISupportedInterfaceOrientations_iPhone = "UIInterfaceOrientationPortrait UIInterfaceOrientationLandscapeLeft UIInterfaceOrientationLandscapeRight";
				IPHONEOS_DEPLOYMENT_TARGET = 13.0;
				LD_RUNPATH_SEARCH_PATHS = (
					"$(inherited)",
					"@executable_path/Frameworks",
				);
				MARKETING_VERSION = 1.0;
				PRODUCT_BUNDLE_IDENTIFIER = com.apit.getgo;
				PRODUCT_NAME = "$(TARGET_NAME)";
				SWIFT_EMIT_LOC_STRINGS = YES;
				SWIFT_VERSION = 5.0;
				TARGETED_DEVICE_FAMILY = "1,2";
			};
			name = Debug;
		};
		717A7DD9294DC32D003E42B7 /* Release */ = {
			isa = XCBuildConfiguration;
			baseConfigurationReference = CDB55833ACAB73FDC6EAE200 /* Pods-getgo.release.xcconfig */;
			buildSettings = {
				ASSETCATALOG_COMPILER_APPICON_NAME = AppIcon;
				ASSETCATALOG_COMPILER_GLOBAL_ACCENT_COLOR_NAME = AccentColor;
				CODE_SIGN_STYLE = Automatic;
				CURRENT_PROJECT_VERSION = 1;
				GENERATE_INFOPLIST_FILE = YES;
				INFOPLIST_FILE = getgo/Info.plist;
				INFOPLIST_KEY_UIApplicationSupportsIndirectInputEvents = YES;
				INFOPLIST_KEY_UILaunchStoryboardName = LaunchScreen;
				INFOPLIST_KEY_UIMainStoryboardFile = Main;
				INFOPLIST_KEY_UISupportedInterfaceOrientations_iPad = "UIInterfaceOrientationPortrait UIInterfaceOrientationPortraitUpsideDown UIInterfaceOrientationLandscapeLeft UIInterfaceOrientationLandscapeRight";
				INFOPLIST_KEY_UISupportedInterfaceOrientations_iPhone = "UIInterfaceOrientationPortrait UIInterfaceOrientationLandscapeLeft UIInterfaceOrientationLandscapeRight";
				IPHONEOS_DEPLOYMENT_TARGET = 13.0;
				LD_RUNPATH_SEARCH_PATHS = (
					"$(inherited)",
					"@executable_path/Frameworks",
				);
				MARKETING_VERSION = 1.0;
				PRODUCT_BUNDLE_IDENTIFIER = com.apit.getgo;
				PRODUCT_NAME = "$(TARGET_NAME)";
				SWIFT_EMIT_LOC_STRINGS = YES;
				SWIFT_VERSION = 5.0;
				TARGETED_DEVICE_FAMILY = "1,2";
			};
			name = Release;
		};
		717A7DDB294DC32D003E42B7 /* Debug */ = {
			isa = XCBuildConfiguration;
			baseConfigurationReference = B0FB340B5C8A684DBF2D8C0D /* Pods-getgoTests.debug.xcconfig */;
			buildSettings = {
				ALWAYS_EMBED_SWIFT_STANDARD_LIBRARIES = YES;
				BUNDLE_LOADER = "$(TEST_HOST)";
				CODE_SIGN_STYLE = Automatic;
				CURRENT_PROJECT_VERSION = 1;
				GENERATE_INFOPLIST_FILE = YES;
				IPHONEOS_DEPLOYMENT_TARGET = 16.1;
				MARKETING_VERSION = 1.0;
				PRODUCT_BUNDLE_IDENTIFIER = com.apit.getgoTests;
				PRODUCT_NAME = "$(TARGET_NAME)";
				SWIFT_EMIT_LOC_STRINGS = NO;
				SWIFT_VERSION = 5.0;
				TARGETED_DEVICE_FAMILY = "1,2";
				TEST_HOST = "$(BUILT_PRODUCTS_DIR)/getgo.app/$(BUNDLE_EXECUTABLE_FOLDER_PATH)/getgo";
			};
			name = Debug;
		};
		717A7DDC294DC32D003E42B7 /* Release */ = {
			isa = XCBuildConfiguration;
			baseConfigurationReference = FEDADD2654B8EC4582ED05A4 /* Pods-getgoTests.release.xcconfig */;
			buildSettings = {
				ALWAYS_EMBED_SWIFT_STANDARD_LIBRARIES = YES;
				BUNDLE_LOADER = "$(TEST_HOST)";
				CODE_SIGN_STYLE = Automatic;
				CURRENT_PROJECT_VERSION = 1;
				GENERATE_INFOPLIST_FILE = YES;
				IPHONEOS_DEPLOYMENT_TARGET = 16.1;
				MARKETING_VERSION = 1.0;
				PRODUCT_BUNDLE_IDENTIFIER = com.apit.getgoTests;
				PRODUCT_NAME = "$(TARGET_NAME)";
				SWIFT_EMIT_LOC_STRINGS = NO;
				SWIFT_VERSION = 5.0;
				TARGETED_DEVICE_FAMILY = "1,2";
				TEST_HOST = "$(BUILT_PRODUCTS_DIR)/getgo.app/$(BUNDLE_EXECUTABLE_FOLDER_PATH)/getgo";
			};
			name = Release;
		};
		717A7DDE294DC32D003E42B7 /* Debug */ = {
			isa = XCBuildConfiguration;
			baseConfigurationReference = 9220A22DAFDF2C39E7D18098 /* Pods-getgoUITests.debug.xcconfig */;
			buildSettings = {
				ALWAYS_EMBED_SWIFT_STANDARD_LIBRARIES = YES;
				CODE_SIGN_STYLE = Automatic;
				CURRENT_PROJECT_VERSION = 1;
				GENERATE_INFOPLIST_FILE = YES;
				MARKETING_VERSION = 1.0;
				PRODUCT_BUNDLE_IDENTIFIER = com.apit.getgoUITests;
				PRODUCT_NAME = "$(TARGET_NAME)";
				SWIFT_EMIT_LOC_STRINGS = NO;
				SWIFT_VERSION = 5.0;
				TARGETED_DEVICE_FAMILY = "1,2";
				TEST_TARGET_NAME = getgo;
			};
			name = Debug;
		};
		717A7DDF294DC32D003E42B7 /* Release */ = {
			isa = XCBuildConfiguration;
			baseConfigurationReference = 0F9C62DAB67DE5A7B82C87D8 /* Pods-getgoUITests.release.xcconfig */;
			buildSettings = {
				ALWAYS_EMBED_SWIFT_STANDARD_LIBRARIES = YES;
				CODE_SIGN_STYLE = Automatic;
				CURRENT_PROJECT_VERSION = 1;
				GENERATE_INFOPLIST_FILE = YES;
				MARKETING_VERSION = 1.0;
				PRODUCT_BUNDLE_IDENTIFIER = com.apit.getgoUITests;
				PRODUCT_NAME = "$(TARGET_NAME)";
				SWIFT_EMIT_LOC_STRINGS = NO;
				SWIFT_VERSION = 5.0;
				TARGETED_DEVICE_FAMILY = "1,2";
				TEST_TARGET_NAME = getgo;
			};
			name = Release;
		};
/* End XCBuildConfiguration section */

/* Begin XCConfigurationList section */
		717A7DA8294DC32B003E42B7 /* Build configuration list for PBXProject "getgo" */ = {
			isa = XCConfigurationList;
			buildConfigurations = (
				717A7DD5294DC32D003E42B7 /* Debug */,
				717A7DD6294DC32D003E42B7 /* Release */,
			);
			defaultConfigurationIsVisible = 0;
			defaultConfigurationName = Release;
		};
		717A7DD7294DC32D003E42B7 /* Build configuration list for PBXNativeTarget "getgo" */ = {
			isa = XCConfigurationList;
			buildConfigurations = (
				717A7DD8294DC32D003E42B7 /* Debug */,
				717A7DD9294DC32D003E42B7 /* Release */,
			);
			defaultConfigurationIsVisible = 0;
			defaultConfigurationName = Release;
		};
		717A7DDA294DC32D003E42B7 /* Build configuration list for PBXNativeTarget "getgoTests" */ = {
			isa = XCConfigurationList;
			buildConfigurations = (
				717A7DDB294DC32D003E42B7 /* Debug */,
				717A7DDC294DC32D003E42B7 /* Release */,
			);
			defaultConfigurationIsVisible = 0;
			defaultConfigurationName = Release;
		};
		717A7DDD294DC32D003E42B7 /* Build configuration list for PBXNativeTarget "getgoUITests" */ = {
			isa = XCConfigurationList;
			buildConfigurations = (
				717A7DDE294DC32D003E42B7 /* Debug */,
				717A7DDF294DC32D003E42B7 /* Release */,
			);
			defaultConfigurationIsVisible = 0;
			defaultConfigurationName = Release;
		};
/* End XCConfigurationList section */
	};
	rootObject = 717A7DA5294DC32B003E42B7 /* Project object */;
}
