// !$*UTF8*$!
{
	archiveVersion = 1;
	classes = {
	};
	objectVersion = 56;
	objects = {

/* Begin PBXBuildFile section */
		717A7EA7294DCF1B003E42B7 /* AppsCore.framework in Frameworks */ = {isa = PBXBuildFile; fileRef = 717A7E9E294DCF1B003E42B7 /* AppsCore.framework */; };
		717A7EAD294DCF1B003E42B7 /* AppsCore.h in Headers */ = {isa = PBXBuildFile; fileRef = 717A7EA1294DCF1B003E42B7 /* AppsCore.h */; settings = {ATTRIBUTES = (Public, ); }; };
		717A7EB7294DCF34003E42B7 /* NetworManager.swift in Sources */ = {isa = PBXBuildFile; fileRef = 717A7EB6294DCF34003E42B7 /* NetworManager.swift */; };
		717A7EBD294DD1BC003E42B7 /* NetworkManagerTests.swift in Sources */ = {isa = PBXBuildFile; fileRef = 717A7EBC294DD1BC003E42B7 /* NetworkManagerTests.swift */; };
		717A7EC1294DD348003E42B7 /* CharacterRoutes.swift in Sources */ = {isa = PBXBuildFile; fileRef = 717A7EC0294DD348003E42B7 /* CharacterRoutes.swift */; };
		717A7EC7294E05F9003E42B7 /* CharacterApi.swift in Sources */ = {isa = PBXBuildFile; fileRef = 717A7EC6294E05F9003E42B7 /* CharacterApi.swift */; };
		717A7ECA294E1B60003E42B7 /* FilterCharacter.swift in Sources */ = {isa = PBXBuildFile; fileRef = 717A7EC9294E1B60003E42B7 /* FilterCharacter.swift */; };
		717A7ECC294E219C003E42B7 /* PageInfo.swift in Sources */ = {isa = PBXBuildFile; fileRef = 717A7ECB294E219C003E42B7 /* PageInfo.swift */; };
		717A7ECE294E2248003E42B7 /* Character.swift in Sources */ = {isa = PBXBuildFile; fileRef = 717A7ECD294E2248003E42B7 /* Character.swift */; };
		717A7ED0294E23DF003E42B7 /* CharacterData.swift in Sources */ = {isa = PBXBuildFile; fileRef = 717A7ECF294E23DF003E42B7 /* CharacterData.swift */; };
		717A7ED2294E24FB003E42B7 /* CharacterApiTests.swift in Sources */ = {isa = PBXBuildFile; fileRef = 717A7ED1294E24FB003E42B7 /* CharacterApiTests.swift */; };
		717A7ED4294E2FCD003E42B7 /* Helpers.swift in Sources */ = {isa = PBXBuildFile; fileRef = 717A7ED3294E2FCD003E42B7 /* Helpers.swift */; };
		717A7ED6294E46E6003E42B7 /* Responses.swift in Sources */ = {isa = PBXBuildFile; fileRef = 717A7ED5294E46E6003E42B7 /* Responses.swift */; };
		717A7ED9294E4900003E42B7 /* LocationApi.swift in Sources */ = {isa = PBXBuildFile; fileRef = 717A7ED8294E4900003E42B7 /* LocationApi.swift */; };
		717A7EDB294E495E003E42B7 /* EpisodeApi.swift in Sources */ = {isa = PBXBuildFile; fileRef = 717A7EDA294E495E003E42B7 /* EpisodeApi.swift */; };
		717A7EDE294E4982003E42B7 /* LocationRoutes.swift in Sources */ = {isa = PBXBuildFile; fileRef = 717A7EDD294E4982003E42B7 /* LocationRoutes.swift */; };
		717A7EE0294E498C003E42B7 /* EpisodeRoutes.swift in Sources */ = {isa = PBXBuildFile; fileRef = 717A7EDF294E498C003E42B7 /* EpisodeRoutes.swift */; };
		717A7EE6294E4D86003E42B7 /* LocationData.swift in Sources */ = {isa = PBXBuildFile; fileRef = 717A7EE5294E4D86003E42B7 /* LocationData.swift */; };
		717A7EE8294E4DB0003E42B7 /* Location.swift in Sources */ = {isa = PBXBuildFile; fileRef = 717A7EE7294E4DB0003E42B7 /* Location.swift */; };
		717A7EEA294E4EE0003E42B7 /* EpisodeData.swift in Sources */ = {isa = PBXBuildFile; fileRef = 717A7EE9294E4EE0003E42B7 /* EpisodeData.swift */; };
		717A7EEC294E4F8C003E42B7 /* Episode.swift in Sources */ = {isa = PBXBuildFile; fileRef = 717A7EEB294E4F8C003E42B7 /* Episode.swift */; };
		717A7EEE294E4FE7003E42B7 /* EpisodeApiTests.swift in Sources */ = {isa = PBXBuildFile; fileRef = 717A7EED294E4FE7003E42B7 /* EpisodeApiTests.swift */; };
		717A7EF0294E4FEF003E42B7 /* LocationApiTests.swift in Sources */ = {isa = PBXBuildFile; fileRef = 717A7EEF294E4FEF003E42B7 /* LocationApiTests.swift */; };
/* End PBXBuildFile section */

/* Begin PBXContainerItemProxy section */
		717A7EA8294DCF1B003E42B7 /* PBXContainerItemProxy */ = {
			isa = PBXContainerItemProxy;
			containerPortal = 717A7E95294DCF1B003E42B7 /* Project object */;
			proxyType = 1;
			remoteGlobalIDString = 717A7E9D294DCF1B003E42B7;
			remoteInfo = AppsCore;
		};
/* End PBXContainerItemProxy section */

/* Begin PBXFileReference section */
		717A7E9E294DCF1B003E42B7 /* AppsCore.framework */ = {isa = PBXFileReference; explicitFileType = wrapper.framework; includeInIndex = 0; path = AppsCore.framework; sourceTree = BUILT_PRODUCTS_DIR; };
		717A7EA1294DCF1B003E42B7 /* AppsCore.h */ = {isa = PBXFileReference; lastKnownFileType = sourcecode.c.h; path = AppsCore.h; sourceTree = "<group>"; };
		717A7EA6294DCF1B003E42B7 /* AppsCoreTests.xctest */ = {isa = PBXFileReference; explicitFileType = wrapper.cfbundle; includeInIndex = 0; path = AppsCoreTests.xctest; sourceTree = BUILT_PRODUCTS_DIR; };
		717A7EB6294DCF34003E42B7 /* NetworManager.swift */ = {isa = PBXFileReference; lastKnownFileType = sourcecode.swift; path = NetworManager.swift; sourceTree = "<group>"; };
		717A7EBC294DD1BC003E42B7 /* NetworkManagerTests.swift */ = {isa = PBXFileReference; lastKnownFileType = sourcecode.swift; path = NetworkManagerTests.swift; sourceTree = "<group>"; };
		717A7EC0294DD348003E42B7 /* CharacterRoutes.swift */ = {isa = PBXFileReference; lastKnownFileType = sourcecode.swift; path = CharacterRoutes.swift; sourceTree = "<group>"; };
		717A7EC6294E05F9003E42B7 /* CharacterApi.swift */ = {isa = PBXFileReference; lastKnownFileType = sourcecode.swift; path = CharacterApi.swift; sourceTree = "<group>"; };
		717A7EC9294E1B60003E42B7 /* FilterCharacter.swift */ = {isa = PBXFileReference; lastKnownFileType = sourcecode.swift; path = FilterCharacter.swift; sourceTree = "<group>"; };
		717A7ECB294E219C003E42B7 /* PageInfo.swift */ = {isa = PBXFileReference; lastKnownFileType = sourcecode.swift; path = PageInfo.swift; sourceTree = "<group>"; };
		717A7ECD294E2248003E42B7 /* Character.swift */ = {isa = PBXFileReference; lastKnownFileType = sourcecode.swift; path = Character.swift; sourceTree = "<group>"; };
		717A7ECF294E23DF003E42B7 /* CharacterData.swift */ = {isa = PBXFileReference; lastKnownFileType = sourcecode.swift; path = CharacterData.swift; sourceTree = "<group>"; };
		717A7ED1294E24FB003E42B7 /* CharacterApiTests.swift */ = {isa = PBXFileReference; lastKnownFileType = sourcecode.swift; path = CharacterApiTests.swift; sourceTree = "<group>"; };
		717A7ED3294E2FCD003E42B7 /* Helpers.swift */ = {isa = PBXFileReference; lastKnownFileType = sourcecode.swift; path = Helpers.swift; sourceTree = "<group>"; };
		717A7ED5294E46E6003E42B7 /* Responses.swift */ = {isa = PBXFileReference; lastKnownFileType = sourcecode.swift; path = Responses.swift; sourceTree = "<group>"; };
		717A7ED8294E4900003E42B7 /* LocationApi.swift */ = {isa = PBXFileReference; lastKnownFileType = sourcecode.swift; path = LocationApi.swift; sourceTree = "<group>"; };
		717A7EDA294E495E003E42B7 /* EpisodeApi.swift */ = {isa = PBXFileReference; lastKnownFileType = sourcecode.swift; path = EpisodeApi.swift; sourceTree = "<group>"; };
		717A7EDD294E4982003E42B7 /* LocationRoutes.swift */ = {isa = PBXFileReference; lastKnownFileType = sourcecode.swift; path = LocationRoutes.swift; sourceTree = "<group>"; };
		717A7EDF294E498C003E42B7 /* EpisodeRoutes.swift */ = {isa = PBXFileReference; lastKnownFileType = sourcecode.swift; path = EpisodeRoutes.swift; sourceTree = "<group>"; };
		717A7EE5294E4D86003E42B7 /* LocationData.swift */ = {isa = PBXFileReference; lastKnownFileType = sourcecode.swift; path = LocationData.swift; sourceTree = "<group>"; };
		717A7EE7294E4DB0003E42B7 /* Location.swift */ = {isa = PBXFileReference; lastKnownFileType = sourcecode.swift; path = Location.swift; sourceTree = "<group>"; };
		717A7EE9294E4EE0003E42B7 /* EpisodeData.swift */ = {isa = PBXFileReference; lastKnownFileType = sourcecode.swift; path = EpisodeData.swift; sourceTree = "<group>"; };
		717A7EEB294E4F8C003E42B7 /* Episode.swift */ = {isa = PBXFileReference; lastKnownFileType = sourcecode.swift; path = Episode.swift; sourceTree = "<group>"; };
		717A7EED294E4FE7003E42B7 /* EpisodeApiTests.swift */ = {isa = PBXFileReference; lastKnownFileType = sourcecode.swift; path = EpisodeApiTests.swift; sourceTree = "<group>"; };
		717A7EEF294E4FEF003E42B7 /* LocationApiTests.swift */ = {isa = PBXFileReference; lastKnownFileType = sourcecode.swift; path = LocationApiTests.swift; sourceTree = "<group>"; };
/* End PBXFileReference section */

/* Begin PBXFrameworksBuildPhase section */
		717A7E9B294DCF1B003E42B7 /* Frameworks */ = {
			isa = PBXFrameworksBuildPhase;
			buildActionMask = 2147483647;
			files = (
			);
			runOnlyForDeploymentPostprocessing = 0;
		};
		717A7EA3294DCF1B003E42B7 /* Frameworks */ = {
			isa = PBXFrameworksBuildPhase;
			buildActionMask = 2147483647;
			files = (
				717A7EA7294DCF1B003E42B7 /* AppsCore.framework in Frameworks */,
			);
			runOnlyForDeploymentPostprocessing = 0;
		};
/* End PBXFrameworksBuildPhase section */

/* Begin PBXGroup section */
		717A7E94294DCF1B003E42B7 = {
			isa = PBXGroup;
			children = (
				717A7EA0294DCF1B003E42B7 /* AppsCore */,
				717A7EAA294DCF1B003E42B7 /* AppsCoreTests */,
				717A7E9F294DCF1B003E42B7 /* Products */,
			);
			sourceTree = "<group>";
		};
		717A7E9F294DCF1B003E42B7 /* Products */ = {
			isa = PBXGroup;
			children = (
				717A7E9E294DCF1B003E42B7 /* AppsCore.framework */,
				717A7EA6294DCF1B003E42B7 /* AppsCoreTests.xctest */,
			);
			name = Products;
			sourceTree = "<group>";
		};
		717A7EA0294DCF1B003E42B7 /* AppsCore */ = {
			isa = PBXGroup;
			children = (
				717A7EA1294DCF1B003E42B7 /* AppsCore.h */,
				717A7EB6294DCF34003E42B7 /* NetworManager.swift */,
				717A7ED7294E48E4003E42B7 /* APIs */,
				717A7EC8294E1B4A003E42B7 /* Models */,
				717A7EDC294E4965003E42B7 /* Routes */,
			);
			path = AppsCore;
			sourceTree = "<group>";
		};
		717A7EAA294DCF1B003E42B7 /* AppsCoreTests */ = {
			isa = PBXGroup;
			children = (
				717A7ED1294E24FB003E42B7 /* CharacterApiTests.swift */,
				717A7EED294E4FE7003E42B7 /* EpisodeApiTests.swift */,
				717A7ED3294E2FCD003E42B7 /* Helpers.swift */,
				717A7EEF294E4FEF003E42B7 /* LocationApiTests.swift */,
				717A7EBC294DD1BC003E42B7 /* NetworkManagerTests.swift */,
				717A7ED5294E46E6003E42B7 /* Responses.swift */,
			);
			path = AppsCoreTests;
			sourceTree = "<group>";
		};
		717A7EC8294E1B4A003E42B7 /* Models */ = {
			isa = PBXGroup;
			children = (
				717A7EE4294E4D6F003E42B7 /* Episode */,
				717A7EE2294E4D65003E42B7 /* Location */,
				717A7EE1294E4D5D003E42B7 /* Character */,
				717A7ECB294E219C003E42B7 /* PageInfo.swift */,
			);
			path = Models;
			sourceTree = "<group>";
		};
		717A7ED7294E48E4003E42B7 /* APIs */ = {
			isa = PBXGroup;
			children = (
				717A7EC6294E05F9003E42B7 /* CharacterApi.swift */,
				717A7ED8294E4900003E42B7 /* LocationApi.swift */,
				717A7EDA294E495E003E42B7 /* EpisodeApi.swift */,
			);
			path = APIs;
			sourceTree = "<group>";
		};
		717A7EDC294E4965003E42B7 /* Routes */ = {
			isa = PBXGroup;
			children = (
				717A7EC0294DD348003E42B7 /* CharacterRoutes.swift */,
				717A7EDD294E4982003E42B7 /* LocationRoutes.swift */,
				717A7EDF294E498C003E42B7 /* EpisodeRoutes.swift */,
			);
			path = Routes;
			sourceTree = "<group>";
		};
		717A7EE1294E4D5D003E42B7 /* Character */ = {
			isa = PBXGroup;
			children = (
				717A7EC9294E1B60003E42B7 /* FilterCharacter.swift */,
				717A7ECD294E2248003E42B7 /* Character.swift */,
				717A7ECF294E23DF003E42B7 /* CharacterData.swift */,
			);
			path = Character;
			sourceTree = "<group>";
		};
		717A7EE2294E4D65003E42B7 /* Location */ = {
			isa = PBXGroup;
			children = (
				717A7EE5294E4D86003E42B7 /* LocationData.swift */,
				717A7EE7294E4DB0003E42B7 /* Location.swift */,
			);
			path = Location;
			sourceTree = "<group>";
		};
		717A7EE4294E4D6F003E42B7 /* Episode */ = {
			isa = PBXGroup;
			children = (
				717A7EE9294E4EE0003E42B7 /* EpisodeData.swift */,
				717A7EEB294E4F8C003E42B7 /* Episode.swift */,
			);
			path = Episode;
			sourceTree = "<group>";
		};
/* End PBXGroup section */

/* Begin PBXHeadersBuildPhase section */
		717A7E99294DCF1B003E42B7 /* Headers */ = {
			isa = PBXHeadersBuildPhase;
			buildActionMask = 2147483647;
			files = (
				717A7EAD294DCF1B003E42B7 /* AppsCore.h in Headers */,
			);
			runOnlyForDeploymentPostprocessing = 0;
		};
/* End PBXHeadersBuildPhase section */

/* Begin PBXNativeTarget section */
		717A7E9D294DCF1B003E42B7 /* AppsCore */ = {
			isa = PBXNativeTarget;
			buildConfigurationList = 717A7EB0294DCF1B003E42B7 /* Build configuration list for PBXNativeTarget "AppsCore" */;
			buildPhases = (
				717A7E99294DCF1B003E42B7 /* Headers */,
				717A7E9A294DCF1B003E42B7 /* Sources */,
				717A7E9B294DCF1B003E42B7 /* Frameworks */,
				717A7E9C294DCF1B003E42B7 /* Resources */,
			);
			buildRules = (
			);
			dependencies = (
			);
			name = AppsCore;
			productName = AppsCore;
			productReference = 717A7E9E294DCF1B003E42B7 /* AppsCore.framework */;
			productType = "com.apple.product-type.framework";
		};
		717A7EA5294DCF1B003E42B7 /* AppsCoreTests */ = {
			isa = PBXNativeTarget;
			buildConfigurationList = 717A7EB3294DCF1B003E42B7 /* Build configuration list for PBXNativeTarget "AppsCoreTests" */;
			buildPhases = (
				717A7EA2294DCF1B003E42B7 /* Sources */,
				717A7EA3294DCF1B003E42B7 /* Frameworks */,
				717A7EA4294DCF1B003E42B7 /* Resources */,
			);
			buildRules = (
			);
			dependencies = (
				717A7EA9294DCF1B003E42B7 /* PBXTargetDependency */,
			);
			name = AppsCoreTests;
			productName = AppsCoreTests;
			productReference = 717A7EA6294DCF1B003E42B7 /* AppsCoreTests.xctest */;
			productType = "com.apple.product-type.bundle.unit-test";
		};
/* End PBXNativeTarget section */

/* Begin PBXProject section */
		717A7E95294DCF1B003E42B7 /* Project object */ = {
			isa = PBXProject;
			attributes = {
				BuildIndependentTargetsInParallel = 1;
				LastSwiftUpdateCheck = 1410;
				LastUpgradeCheck = 1410;
				TargetAttributes = {
					717A7E9D294DCF1B003E42B7 = {
						CreatedOnToolsVersion = 14.1;
						LastSwiftMigration = 1410;
					};
					717A7EA5294DCF1B003E42B7 = {
						CreatedOnToolsVersion = 14.1;
						LastSwiftMigration = 1410;
					};
				};
			};
			buildConfigurationList = 717A7E98294DCF1B003E42B7 /* Build configuration list for PBXProject "AppsCore" */;
			compatibilityVersion = "Xcode 14.0";
			developmentRegion = en;
			hasScannedForEncodings = 0;
			knownRegions = (
				en,
				Base,
			);
			mainGroup = 717A7E94294DCF1B003E42B7;
			productRefGroup = 717A7E9F294DCF1B003E42B7 /* Products */;
			projectDirPath = "";
			projectRoot = "";
			targets = (
				717A7E9D294DCF1B003E42B7 /* AppsCore */,
				717A7EA5294DCF1B003E42B7 /* AppsCoreTests */,
			);
		};
/* End PBXProject section */

/* Begin PBXResourcesBuildPhase section */
		717A7E9C294DCF1B003E42B7 /* Resources */ = {
			isa = PBXResourcesBuildPhase;
			buildActionMask = 2147483647;
			files = (
			);
			runOnlyForDeploymentPostprocessing = 0;
		};
		717A7EA4294DCF1B003E42B7 /* Resources */ = {
			isa = PBXResourcesBuildPhase;
			buildActionMask = 2147483647;
			files = (
			);
			runOnlyForDeploymentPostprocessing = 0;
		};
/* End PBXResourcesBuildPhase section */

/* Begin PBXSourcesBuildPhase section */
		717A7E9A294DCF1B003E42B7 /* Sources */ = {
			isa = PBXSourcesBuildPhase;
			buildActionMask = 2147483647;
			files = (
				717A7EE6294E4D86003E42B7 /* LocationData.swift in Sources */,
				717A7ECA294E1B60003E42B7 /* FilterCharacter.swift in Sources */,
				717A7EDB294E495E003E42B7 /* EpisodeApi.swift in Sources */,
				717A7EDE294E4982003E42B7 /* LocationRoutes.swift in Sources */,
				717A7EC7294E05F9003E42B7 /* CharacterApi.swift in Sources */,
				717A7EE0294E498C003E42B7 /* EpisodeRoutes.swift in Sources */,
				717A7EE8294E4DB0003E42B7 /* Location.swift in Sources */,
				717A7EEA294E4EE0003E42B7 /* EpisodeData.swift in Sources */,
				717A7ECE294E2248003E42B7 /* Character.swift in Sources */,
				717A7ECC294E219C003E42B7 /* PageInfo.swift in Sources */,
				717A7ED0294E23DF003E42B7 /* CharacterData.swift in Sources */,
				717A7EC1294DD348003E42B7 /* CharacterRoutes.swift in Sources */,
				717A7EB7294DCF34003E42B7 /* NetworManager.swift in Sources */,
				717A7EEC294E4F8C003E42B7 /* Episode.swift in Sources */,
				717A7ED9294E4900003E42B7 /* LocationApi.swift in Sources */,
			);
			runOnlyForDeploymentPostprocessing = 0;
		};
		717A7EA2294DCF1B003E42B7 /* Sources */ = {
			isa = PBXSourcesBuildPhase;
			buildActionMask = 2147483647;
			files = (
				717A7ED6294E46E6003E42B7 /* Responses.swift in Sources */,
				717A7ED2294E24FB003E42B7 /* CharacterApiTests.swift in Sources */,
				717A7ED4294E2FCD003E42B7 /* Helpers.swift in Sources */,
				717A7EF0294E4FEF003E42B7 /* LocationApiTests.swift in Sources */,
				717A7EBD294DD1BC003E42B7 /* NetworkManagerTests.swift in Sources */,
				717A7EEE294E4FE7003E42B7 /* EpisodeApiTests.swift in Sources */,
			);
			runOnlyForDeploymentPostprocessing = 0;
		};
/* End PBXSourcesBuildPhase section */

/* Begin PBXTargetDependency section */
		717A7EA9294DCF1B003E42B7 /* PBXTargetDependency */ = {
			isa = PBXTargetDependency;
			target = 717A7E9D294DCF1B003E42B7 /* AppsCore */;
			targetProxy = 717A7EA8294DCF1B003E42B7 /* PBXContainerItemProxy */;
		};
/* End PBXTargetDependency section */

/* Begin XCBuildConfiguration section */
		717A7EAE294DCF1B003E42B7 /* Debug */ = {
			isa = XCBuildConfiguration;
			buildSettings = {
				ALWAYS_SEARCH_USER_PATHS = NO;
				CLANG_ANALYZER_NONNULL = YES;
				CLANG_ANALYZER_NUMBER_OBJECT_CONVERSION = YES_AGGRESSIVE;
				CLANG_CXX_LANGUAGE_STANDARD = "gnu++20";
				CLANG_ENABLE_MODULES = YES;
				CLANG_ENABLE_OBJC_ARC = YES;
				CLANG_ENABLE_OBJC_WEAK = YES;
				CLANG_WARN_BLOCK_CAPTURE_AUTORELEASING = YES;
				CLANG_WARN_BOOL_CONVERSION = YES;
				CLANG_WARN_COMMA = YES;
				CLANG_WARN_CONSTANT_CONVERSION = YES;
				CLANG_WARN_DEPRECATED_OBJC_IMPLEMENTATIONS = YES;
				CLANG_WARN_DIRECT_OBJC_ISA_USAGE = YES_ERROR;
				CLANG_WARN_DOCUMENTATION_COMMENTS = YES;
				CLANG_WARN_EMPTY_BODY = YES;
				CLANG_WARN_ENUM_CONVERSION = YES;
				CLANG_WARN_INFINITE_RECURSION = YES;
				CLANG_WARN_INT_CONVERSION = YES;
				CLANG_WARN_NON_LITERAL_NULL_CONVERSION = YES;
				CLANG_WARN_OBJC_IMPLICIT_RETAIN_SELF = YES;
				CLANG_WARN_OBJC_LITERAL_CONVERSION = YES;
				CLANG_WARN_OBJC_ROOT_CLASS = YES_ERROR;
				CLANG_WARN_QUOTED_INCLUDE_IN_FRAMEWORK_HEADER = YES;
				CLANG_WARN_RANGE_LOOP_ANALYSIS = YES;
				CLANG_WARN_STRICT_PROTOTYPES = YES;
				CLANG_WARN_SUSPICIOUS_MOVE = YES;
				CLANG_WARN_UNGUARDED_AVAILABILITY = YES_AGGRESSIVE;
				CLANG_WARN_UNREACHABLE_CODE = YES;
				CLANG_WARN__DUPLICATE_METHOD_MATCH = YES;
				COPY_PHASE_STRIP = NO;
				CURRENT_PROJECT_VERSION = 1;
				DEBUG_INFORMATION_FORMAT = dwarf;
				ENABLE_STRICT_OBJC_MSGSEND = YES;
				ENABLE_TESTABILITY = YES;
				GCC_C_LANGUAGE_STANDARD = gnu11;
				GCC_DYNAMIC_NO_PIC = NO;
				GCC_NO_COMMON_BLOCKS = YES;
				GCC_OPTIMIZATION_LEVEL = 0;
				GCC_PREPROCESSOR_DEFINITIONS = (
					"DEBUG=1",
					"$(inherited)",
				);
				GCC_WARN_64_TO_32_BIT_CONVERSION = YES;
				GCC_WARN_ABOUT_RETURN_TYPE = YES_ERROR;
				GCC_WARN_UNDECLARED_SELECTOR = YES;
				GCC_WARN_UNINITIALIZED_AUTOS = YES_AGGRESSIVE;
				GCC_WARN_UNUSED_FUNCTION = YES;
				GCC_WARN_UNUSED_VARIABLE = YES;
				IPHONEOS_DEPLOYMENT_TARGET = 16.1;
				MTL_ENABLE_DEBUG_INFO = INCLUDE_SOURCE;
				MTL_FAST_MATH = YES;
				ONLY_ACTIVE_ARCH = YES;
				SDKROOT = iphoneos;
				SWIFT_ACTIVE_COMPILATION_CONDITIONS = DEBUG;
				SWIFT_OPTIMIZATION_LEVEL = "-Onone";
				VERSIONING_SYSTEM = "apple-generic";
				VERSION_INFO_PREFIX = "";
			};
			name = Debug;
		};
		717A7EAF294DCF1B003E42B7 /* Release */ = {
			isa = XCBuildConfiguration;
			buildSettings = {
				ALWAYS_SEARCH_USER_PATHS = NO;
				CLANG_ANALYZER_NONNULL = YES;
				CLANG_ANALYZER_NUMBER_OBJECT_CONVERSION = YES_AGGRESSIVE;
				CLANG_CXX_LANGUAGE_STANDARD = "gnu++20";
				CLANG_ENABLE_MODULES = YES;
				CLANG_ENABLE_OBJC_ARC = YES;
				CLANG_ENABLE_OBJC_WEAK = YES;
				CLANG_WARN_BLOCK_CAPTURE_AUTORELEASING = YES;
				CLANG_WARN_BOOL_CONVERSION = YES;
				CLANG_WARN_COMMA = YES;
				CLANG_WARN_CONSTANT_CONVERSION = YES;
				CLANG_WARN_DEPRECATED_OBJC_IMPLEMENTATIONS = YES;
				CLANG_WARN_DIRECT_OBJC_ISA_USAGE = YES_ERROR;
				CLANG_WARN_DOCUMENTATION_COMMENTS = YES;
				CLANG_WARN_EMPTY_BODY = YES;
				CLANG_WARN_ENUM_CONVERSION = YES;
				CLANG_WARN_INFINITE_RECURSION = YES;
				CLANG_WARN_INT_CONVERSION = YES;
				CLANG_WARN_NON_LITERAL_NULL_CONVERSION = YES;
				CLANG_WARN_OBJC_IMPLICIT_RETAIN_SELF = YES;
				CLANG_WARN_OBJC_LITERAL_CONVERSION = YES;
				CLANG_WARN_OBJC_ROOT_CLASS = YES_ERROR;
				CLANG_WARN_QUOTED_INCLUDE_IN_FRAMEWORK_HEADER = YES;
				CLANG_WARN_RANGE_LOOP_ANALYSIS = YES;
				CLANG_WARN_STRICT_PROTOTYPES = YES;
				CLANG_WARN_SUSPICIOUS_MOVE = YES;
				CLANG_WARN_UNGUARDED_AVAILABILITY = YES_AGGRESSIVE;
				CLANG_WARN_UNREACHABLE_CODE = YES;
				CLANG_WARN__DUPLICATE_METHOD_MATCH = YES;
				COPY_PHASE_STRIP = NO;
				CURRENT_PROJECT_VERSION = 1;
				DEBUG_INFORMATION_FORMAT = "dwarf-with-dsym";
				ENABLE_NS_ASSERTIONS = NO;
				ENABLE_STRICT_OBJC_MSGSEND = YES;
				GCC_C_LANGUAGE_STANDARD = gnu11;
				GCC_NO_COMMON_BLOCKS = YES;
				GCC_WARN_64_TO_32_BIT_CONVERSION = YES;
				GCC_WARN_ABOUT_RETURN_TYPE = YES_ERROR;
				GCC_WARN_UNDECLARED_SELECTOR = YES;
				GCC_WARN_UNINITIALIZED_AUTOS = YES_AGGRESSIVE;
				GCC_WARN_UNUSED_FUNCTION = YES;
				GCC_WARN_UNUSED_VARIABLE = YES;
				IPHONEOS_DEPLOYMENT_TARGET = 16.1;
				MTL_ENABLE_DEBUG_INFO = NO;
				MTL_FAST_MATH = YES;
				SDKROOT = iphoneos;
				SWIFT_COMPILATION_MODE = wholemodule;
				SWIFT_OPTIMIZATION_LEVEL = "-O";
				VALIDATE_PRODUCT = YES;
				VERSIONING_SYSTEM = "apple-generic";
				VERSION_INFO_PREFIX = "";
			};
			name = Release;
		};
		717A7EB1294DCF1B003E42B7 /* Debug */ = {
			isa = XCBuildConfiguration;
			buildSettings = {
				CLANG_ENABLE_MODULES = YES;
				CODE_SIGN_STYLE = Automatic;
				CURRENT_PROJECT_VERSION = 1;
				DEFINES_MODULE = YES;
				DYLIB_COMPATIBILITY_VERSION = 1;
				DYLIB_CURRENT_VERSION = 1;
				DYLIB_INSTALL_NAME_BASE = "@rpath";
				GENERATE_INFOPLIST_FILE = YES;
				INFOPLIST_KEY_NSHumanReadableCopyright = "";
				INSTALL_PATH = "$(LOCAL_LIBRARY_DIR)/Frameworks";
				IPHONEOS_DEPLOYMENT_TARGET = 12.0;
				LD_RUNPATH_SEARCH_PATHS = (
					"$(inherited)",
					"@executable_path/Frameworks",
					"@loader_path/Frameworks",
				);
				MARKETING_VERSION = 1.0;
				PRODUCT_BUNDLE_IDENTIFIER = com.apit.AppsCore;
				PRODUCT_NAME = "$(TARGET_NAME:c99extidentifier)";
				SKIP_INSTALL = YES;
				SWIFT_EMIT_LOC_STRINGS = YES;
				SWIFT_OPTIMIZATION_LEVEL = "-Onone";
				SWIFT_VERSION = 5.0;
				TARGETED_DEVICE_FAMILY = "1,2";
			};
			name = Debug;
		};
		717A7EB2294DCF1B003E42B7 /* Release */ = {
			isa = XCBuildConfiguration;
			buildSettings = {
				CLANG_ENABLE_MODULES = YES;
				CODE_SIGN_STYLE = Automatic;
				CURRENT_PROJECT_VERSION = 1;
				DEFINES_MODULE = YES;
				DYLIB_COMPATIBILITY_VERSION = 1;
				DYLIB_CURRENT_VERSION = 1;
				DYLIB_INSTALL_NAME_BASE = "@rpath";
				GENERATE_INFOPLIST_FILE = YES;
				INFOPLIST_KEY_NSHumanReadableCopyright = "";
				INSTALL_PATH = "$(LOCAL_LIBRARY_DIR)/Frameworks";
				IPHONEOS_DEPLOYMENT_TARGET = 12.0;
				LD_RUNPATH_SEARCH_PATHS = (
					"$(inherited)",
					"@executable_path/Frameworks",
					"@loader_path/Frameworks",
				);
				MARKETING_VERSION = 1.0;
				PRODUCT_BUNDLE_IDENTIFIER = com.apit.AppsCore;
				PRODUCT_NAME = "$(TARGET_NAME:c99extidentifier)";
				SKIP_INSTALL = YES;
				SWIFT_EMIT_LOC_STRINGS = YES;
				SWIFT_VERSION = 5.0;
				TARGETED_DEVICE_FAMILY = "1,2";
			};
			name = Release;
		};
		717A7EB4294DCF1B003E42B7 /* Debug */ = {
			isa = XCBuildConfiguration;
			buildSettings = {
				ALWAYS_EMBED_SWIFT_STANDARD_LIBRARIES = YES;
				CLANG_ENABLE_MODULES = YES;
				CODE_SIGN_STYLE = Automatic;
				CURRENT_PROJECT_VERSION = 1;
				GENERATE_INFOPLIST_FILE = YES;
				IPHONEOS_DEPLOYMENT_TARGET = 12.0;
				LD_RUNPATH_SEARCH_PATHS = (
					"$(inherited)",
					"@executable_path/Frameworks",
					"@loader_path/Frameworks",
				);
				MARKETING_VERSION = 1.0;
				PRODUCT_BUNDLE_IDENTIFIER = com.apit.AppsCoreTests;
				PRODUCT_NAME = "$(TARGET_NAME)";
				SWIFT_EMIT_LOC_STRINGS = NO;
				SWIFT_OPTIMIZATION_LEVEL = "-Onone";
				SWIFT_VERSION = 5.0;
				TARGETED_DEVICE_FAMILY = "1,2";
			};
			name = Debug;
		};
		717A7EB5294DCF1B003E42B7 /* Release */ = {
			isa = XCBuildConfiguration;
			buildSettings = {
				ALWAYS_EMBED_SWIFT_STANDARD_LIBRARIES = YES;
				CLANG_ENABLE_MODULES = YES;
				CODE_SIGN_STYLE = Automatic;
				CURRENT_PROJECT_VERSION = 1;
				GENERATE_INFOPLIST_FILE = YES;
				IPHONEOS_DEPLOYMENT_TARGET = 12.0;
				LD_RUNPATH_SEARCH_PATHS = (
					"$(inherited)",
					"@executable_path/Frameworks",
					"@loader_path/Frameworks",
				);
				MARKETING_VERSION = 1.0;
				PRODUCT_BUNDLE_IDENTIFIER = com.apit.AppsCoreTests;
				PRODUCT_NAME = "$(TARGET_NAME)";
				SWIFT_EMIT_LOC_STRINGS = NO;
				SWIFT_VERSION = 5.0;
				TARGETED_DEVICE_FAMILY = "1,2";
			};
			name = Release;
		};
/* End XCBuildConfiguration section */

/* Begin XCConfigurationList section */
		717A7E98294DCF1B003E42B7 /* Build configuration list for PBXProject "AppsCore" */ = {
			isa = XCConfigurationList;
			buildConfigurations = (
				717A7EAE294DCF1B003E42B7 /* Debug */,
				717A7EAF294DCF1B003E42B7 /* Release */,
			);
			defaultConfigurationIsVisible = 0;
			defaultConfigurationName = Release;
		};
		717A7EB0294DCF1B003E42B7 /* Build configuration list for PBXNativeTarget "AppsCore" */ = {
			isa = XCConfigurationList;
			buildConfigurations = (
				717A7EB1294DCF1B003E42B7 /* Debug */,
				717A7EB2294DCF1B003E42B7 /* Release */,
			);
			defaultConfigurationIsVisible = 0;
			defaultConfigurationName = Release;
		};
		717A7EB3294DCF1B003E42B7 /* Build configuration list for PBXNativeTarget "AppsCoreTests" */ = {
			isa = XCConfigurationList;
			buildConfigurations = (
				717A7EB4294DCF1B003E42B7 /* Debug */,
				717A7EB5294DCF1B003E42B7 /* Release */,
			);
			defaultConfigurationIsVisible = 0;
			defaultConfigurationName = Release;
		};
/* End XCConfigurationList section */
	};
	rootObject = 717A7E95294DCF1B003E42B7 /* Project object */;
}
